<Solution>
  <Configurations>
    <Platform Name="x64" />
    <Platform Name="x86" />
  </Configurations>
  <Project Path="0405/0405.vcxproj" Id="8fe10318-37ad-45b4-8304-d5eeef5e10ed" />
  <Project Path="homework/homework.vcxproj" Id="00145c5e-d708-4ca6-9f7f-be4c90c68370" />
  <Project Path="list/list.vcxproj" Id="751e36f5-384b-4809-a504-baa5f0be1155" />
  <Project Path="List_10/List_10.vcxproj" Id="9d683b3f-56a3-4903-ae3a-8ade372e80be" />
  <Project Path="recursive/recursive.vcxproj" Id="df377e7a-a35f-4181-9973-e77af2d77fc4" />
  <Project Path="struct.7/struct.7.vcxproj" Id="91fcc29d-5456-4385-bdd5-06bf4ea1f100" />
</Solution>
